
Microsoft Visual Studio Solution File, Format Version 12.00
# Visual Studio 15
VisualStudioVersion = 15.0.26430.6
MinimumVisualStudioVersion = 10.0.40219.1
Project("{FAE04EC0-301F-11D3-BF4B-00C04F79EFBC}") = "Seat2Gether", "Seat2Gether\Seat2Gether.csproj", "{8AAB54A9-A389-4815-90F1-2D24BA6B194A}"
EndProject
Global
	GlobalSection(SolutionConfigurationPlatforms) = preSolution
		Debug|Any CPU = Debug|Any CPU
		deploy|Any CPU = deploy|Any CPU
		deploy1|Any CPU = deploy1|Any CPU
		Release|Any CPU = Release|Any CPU
	EndGlobalSection
	GlobalSection(ProjectConfigurationPlatforms) = postSolution
		{8AAB54A9-A389-4815-90F1-2D24BA6B194A}.Debug|Any CPU.ActiveCfg = Debug|Any CPU
		{8AAB54A9-A389-4815-90F1-2D24BA6B194A}.Debug|Any CPU.Build.0 = Debug|Any CPU
		{8AAB54A9-A389-4815-90F1-2D24BA6B194A}.deploy|Any CPU.ActiveCfg = Release|Any CPU
		{8AAB54A9-A389-4815-90F1-2D24BA6B194A}.deploy|Any CPU.Deploy.0 = Release|Any CPU
		{8AAB54A9-A389-4815-90F1-2D24BA6B194A}.deploy1|Any CPU.ActiveCfg = Debug|Any CPU
		{8AAB54A9-A389-4815-90F1-2D24BA6B194A}.deploy1|Any CPU.Build.0 = Debug|Any CPU
		{8AAB54A9-A389-4815-90F1-2D24BA6B194A}.Release|Any CPU.ActiveCfg = Release|Any CPU
		{8AAB54A9-A389-4815-90F1-2D24BA6B194A}.Release|Any CPU.Build.0 = Release|Any CPU
	EndGlobalSection
	GlobalSection(SolutionProperties) = preSolution
		HideSolutionNode = FALSE
	EndGlobalSection
EndGlobal
